
Microsoft Visual Studio Solution File, Format Version 12.00
# Visual Studio Version 16
VisualStudioVersion = 16.0.31105.61
MinimumVisualStudioVersion = 10.0.40219.1
Project("{FAE04EC0-301F-11D3-BF4B-00C04F79EFBC}") = "KeafsAwesomeUI", "KeafsAwesomeUI.csproj", "{0DF7BD5D-5CCB-48CB-975D-05B539B121B2}"
EndProject
Global
	GlobalSection(SolutionConfigurationPlatforms) = preSolution
		Debug|Any CPU = Debug|Any CPU
		Release|Any CPU = Release|Any CPU
	EndGlobalSection
	GlobalSection(ProjectConfigurationPlatforms) = postSolution
		{0DF7BD5D-5CCB-48CB-975D-05B539B121B2}.Debug|Any CPU.ActiveCfg = Debug|Any CPU
		{0DF7BD5D-5CCB-48CB-975D-05B539B121B2}.Debug|Any CPU.Build.0 = Debug|Any CPU
		{0DF7BD5D-5CCB-48CB-975D-05B539B121B2}.Release|Any CPU.ActiveCfg = Release|Any CPU
		{0DF7BD5D-5CCB-48CB-975D-05B539B121B2}.Release|Any CPU.Build.0 = Release|Any CPU
	EndGlobalSection
	GlobalSection(SolutionProperties) = preSolution
		HideSolutionNode = FALSE
	EndGlobalSection
	GlobalSection(ExtensibilityGlobals) = postSolution
		SolutionGuid = {3119C9DB-5FE4-4928-8BD1-FEE52FB4EBE5}
	EndGlobalSection
EndGlobal
